
Microsoft Visual Studio Solution File, Format Version 12.00
# Visual Studio Version 17
VisualStudioVersion = 17.3.32901.215
MinimumVisualStudioVersion = 10.0.40219.1
Project("{FAE04EC0-301F-11D3-BF4B-00C04F79EFBC}") = "WebApplication1", "WebApplication1\WebApplication1.csproj", "{A15B49F9-BE06-4EB3-80EF-886F335983D1}"
EndProject
Global
	GlobalSection(SolutionConfigurationPlatforms) = preSolution
		Debug|Any CPU = Debug|Any CPU
		Release|Any CPU = Release|Any CPU
	EndGlobalSection
	GlobalSection(ProjectConfigurationPlatforms) = postSolution
		{A15B49F9-BE06-4EB3-80EF-886F335983D1}.Debug|Any CPU.ActiveCfg = Debug|Any CPU
		{A15B49F9-BE06-4EB3-80EF-886F335983D1}.Debug|Any CPU.Build.0 = Debug|Any CPU
		{A15B49F9-BE06-4EB3-80EF-886F335983D1}.Release|Any CPU.ActiveCfg = Release|Any CPU
		{A15B49F9-BE06-4EB3-80EF-886F335983D1}.Release|Any CPU.Build.0 = Release|Any CPU
	EndGlobalSection
	GlobalSection(SolutionProperties) = preSolution
		HideSolutionNode = FALSE
	EndGlobalSection
	GlobalSection(ExtensibilityGlobals) = postSolution
		SolutionGuid = {F1DB152A-DC95-4055-8EFB-4B375EC79EB5}
	EndGlobalSection
EndGlobal
